// !$*UTF8*$!
{
	archiveVersion = 1;
	classes = {
	};
	objectVersion = 55;
	objects = {

/* Begin PBXBuildFile section */
		9C0021BB275E5112005ED960 /* Coordinate.swift in Sources */ = {isa = PBXBuildFile; fileRef = 9C0021BA275E5112005ED960 /* Coordinate.swift */; };
		9C39CBD0274E71D200815438 /* AppDelegate.swift in Sources */ = {isa = PBXBuildFile; fileRef = 9C39CBCF274E71D200815438 /* AppDelegate.swift */; };
		9C39CBD2274E71D200815438 /* SceneDelegate.swift in Sources */ = {isa = PBXBuildFile; fileRef = 9C39CBD1274E71D200815438 /* SceneDelegate.swift */; };
		9C39CBD4274E71D200815438 /* MapViewController.swift in Sources */ = {isa = PBXBuildFile; fileRef = 9C39CBD3274E71D200815438 /* MapViewController.swift */; };
		9C39CBD7274E71D200815438 /* Main.storyboard in Resources */ = {isa = PBXBuildFile; fileRef = 9C39CBD5274E71D200815438 /* Main.storyboard */; };
		9C39CBD9274E71D300815438 /* Assets.xcassets in Resources */ = {isa = PBXBuildFile; fileRef = 9C39CBD8274E71D300815438 /* Assets.xcassets */; };
		9C39CBE7274E71D300815438 /* Route_TrackerTests.swift in Sources */ = {isa = PBXBuildFile; fileRef = 9C39CBE6274E71D300815438 /* Route_TrackerTests.swift */; };
		9C39CBF1274E71D300815438 /* Route_TrackerUITests.swift in Sources */ = {isa = PBXBuildFile; fileRef = 9C39CBF0274E71D300815438 /* Route_TrackerUITests.swift */; };
		9C39CBF3274E71D300815438 /* Route_TrackerUITestsLaunchTests.swift in Sources */ = {isa = PBXBuildFile; fileRef = 9C39CBF2274E71D300815438 /* Route_TrackerUITestsLaunchTests.swift */; };
		9C542C11276208490033B8B6 /* User.swift in Sources */ = {isa = PBXBuildFile; fileRef = 9C542C10276208490033B8B6 /* User.swift */; };
		9C542C13276212FE0033B8B6 /* Auth.storyboard in Resources */ = {isa = PBXBuildFile; fileRef = 9C542C12276212FE0033B8B6 /* Auth.storyboard */; };
		9C542C15276213390033B8B6 /* LoginViewController.swift in Sources */ = {isa = PBXBuildFile; fileRef = 9C542C14276213390033B8B6 /* LoginViewController.swift */; };
		9C542C17276216850033B8B6 /* RecoveryPasswordViewController.swift in Sources */ = {isa = PBXBuildFile; fileRef = 9C542C16276216850033B8B6 /* RecoveryPasswordViewController.swift */; };
		9C542C19276217B70033B8B6 /* MainViewController.swift in Sources */ = {isa = PBXBuildFile; fileRef = 9C542C18276217B70033B8B6 /* MainViewController.swift */; };
		9C542C1B27621E920033B8B6 /* BaseRouter.swift in Sources */ = {isa = PBXBuildFile; fileRef = 9C542C1A27621E920033B8B6 /* BaseRouter.swift */; };
		9C542C1D2762215F0033B8B6 /* Launch.swift in Sources */ = {isa = PBXBuildFile; fileRef = 9C542C1C2762215F0033B8B6 /* Launch.swift */; };
		9C542C1F276221B80033B8B6 /* LaunchRouter.swift in Sources */ = {isa = PBXBuildFile; fileRef = 9C542C1E276221B80033B8B6 /* LaunchRouter.swift */; };
		9C542C212762225F0033B8B6 /* LoginRouter.swift in Sources */ = {isa = PBXBuildFile; fileRef = 9C542C202762225F0033B8B6 /* LoginRouter.swift */; };
		9C542C23276222E90033B8B6 /* Launch.storyboard in Resources */ = {isa = PBXBuildFile; fileRef = 9C542C22276222E90033B8B6 /* Launch.storyboard */; };
		9C542C27276224F70033B8B6 /* RootSegue.swift in Sources */ = {isa = PBXBuildFile; fileRef = 9C542C26276224F70033B8B6 /* RootSegue.swift */; };
		9C542C29276243960033B8B6 /* RegistrationViewController.swift in Sources */ = {isa = PBXBuildFile; fileRef = 9C542C28276243960033B8B6 /* RegistrationViewController.swift */; };
		9C542C2B276244EF0033B8B6 /* RegistrationRouter.swift in Sources */ = {isa = PBXBuildFile; fileRef = 9C542C2A276244EF0033B8B6 /* RegistrationRouter.swift */; };
		9CA67955274EA87B00F3D6C3 /* Pods_Route_Tracker.framework in Frameworks */ = {isa = PBXBuildFile; fileRef = 2C720FA73398D9C93EF1A98D /* Pods_Route_Tracker.framework */; };
/* End PBXBuildFile section */

/* Begin PBXContainerItemProxy section */
		9C39CBE3274E71D300815438 /* PBXContainerItemProxy */ = {
			isa = PBXContainerItemProxy;
			containerPortal = 9C39CBC4274E71D200815438 /* Project object */;
			proxyType = 1;
			remoteGlobalIDString = 9C39CBCB274E71D200815438;
			remoteInfo = "Route Tracker";
		};
		9C39CBED274E71D300815438 /* PBXContainerItemProxy */ = {
			isa = PBXContainerItemProxy;
			containerPortal = 9C39CBC4274E71D200815438 /* Project object */;
			proxyType = 1;
			remoteGlobalIDString = 9C39CBCB274E71D200815438;
			remoteInfo = "Route Tracker";
		};
/* End PBXContainerItemProxy section */

/* Begin PBXFileReference section */
		2C720FA73398D9C93EF1A98D /* Pods_Route_Tracker.framework */ = {isa = PBXFileReference; explicitFileType = wrapper.framework; includeInIndex = 0; path = Pods_Route_Tracker.framework; sourceTree = BUILT_PRODUCTS_DIR; };
		7234842D39B5DD7B89512CC6 /* Pods-Route Tracker.debug.xcconfig */ = {isa = PBXFileReference; includeInIndex = 1; lastKnownFileType = text.xcconfig; name = "Pods-Route Tracker.debug.xcconfig"; path = "Target Support Files/Pods-Route Tracker/Pods-Route Tracker.debug.xcconfig"; sourceTree = "<group>"; };
		8A728C07D4DAD80347FF8F6D /* Pods-Route Tracker.release.xcconfig */ = {isa = PBXFileReference; includeInIndex = 1; lastKnownFileType = text.xcconfig; name = "Pods-Route Tracker.release.xcconfig"; path = "Target Support Files/Pods-Route Tracker/Pods-Route Tracker.release.xcconfig"; sourceTree = "<group>"; };
		9C0021BA275E5112005ED960 /* Coordinate.swift */ = {isa = PBXFileReference; lastKnownFileType = sourcecode.swift; path = Coordinate.swift; sourceTree = "<group>"; };
		9C39CBCC274E71D200815438 /* Route Tracker.app */ = {isa = PBXFileReference; explicitFileType = wrapper.application; includeInIndex = 0; path = "Route Tracker.app"; sourceTree = BUILT_PRODUCTS_DIR; };
		9C39CBCF274E71D200815438 /* AppDelegate.swift */ = {isa = PBXFileReference; lastKnownFileType = sourcecode.swift; path = AppDelegate.swift; sourceTree = "<group>"; };
		9C39CBD1274E71D200815438 /* SceneDelegate.swift */ = {isa = PBXFileReference; lastKnownFileType = sourcecode.swift; path = SceneDelegate.swift; sourceTree = "<group>"; };
		9C39CBD3274E71D200815438 /* MapViewController.swift */ = {isa = PBXFileReference; lastKnownFileType = sourcecode.swift; path = MapViewController.swift; sourceTree = "<group>"; };
		9C39CBD6274E71D200815438 /* Base */ = {isa = PBXFileReference; lastKnownFileType = file.storyboard; name = Base; path = Base.lproj/Main.storyboard; sourceTree = "<group>"; };
		9C39CBD8274E71D300815438 /* Assets.xcassets */ = {isa = PBXFileReference; lastKnownFileType = folder.assetcatalog; path = Assets.xcassets; sourceTree = "<group>"; };
		9C39CBDD274E71D300815438 /* Info.plist */ = {isa = PBXFileReference; lastKnownFileType = text.plist.xml; path = Info.plist; sourceTree = "<group>"; };
		9C39CBE2274E71D300815438 /* Route TrackerTests.xctest */ = {isa = PBXFileReference; explicitFileType = wrapper.cfbundle; includeInIndex = 0; path = "Route TrackerTests.xctest"; sourceTree = BUILT_PRODUCTS_DIR; };
		9C39CBE6274E71D300815438 /* Route_TrackerTests.swift */ = {isa = PBXFileReference; lastKnownFileType = sourcecode.swift; path = Route_TrackerTests.swift; sourceTree = "<group>"; };
		9C39CBEC274E71D300815438 /* Route TrackerUITests.xctest */ = {isa = PBXFileReference; explicitFileType = wrapper.cfbundle; includeInIndex = 0; path = "Route TrackerUITests.xctest"; sourceTree = BUILT_PRODUCTS_DIR; };
		9C39CBF0274E71D300815438 /* Route_TrackerUITests.swift */ = {isa = PBXFileReference; lastKnownFileType = sourcecode.swift; path = Route_TrackerUITests.swift; sourceTree = "<group>"; };
		9C39CBF2274E71D300815438 /* Route_TrackerUITestsLaunchTests.swift */ = {isa = PBXFileReference; lastKnownFileType = sourcecode.swift; path = Route_TrackerUITestsLaunchTests.swift; sourceTree = "<group>"; };
		9C542C10276208490033B8B6 /* User.swift */ = {isa = PBXFileReference; lastKnownFileType = sourcecode.swift; path = User.swift; sourceTree = "<group>"; };
		9C542C12276212FE0033B8B6 /* Auth.storyboard */ = {isa = PBXFileReference; lastKnownFileType = file.storyboard; path = Auth.storyboard; sourceTree = "<group>"; };
		9C542C14276213390033B8B6 /* LoginViewController.swift */ = {isa = PBXFileReference; lastKnownFileType = sourcecode.swift; path = LoginViewController.swift; sourceTree = "<group>"; };
		9C542C16276216850033B8B6 /* RecoveryPasswordViewController.swift */ = {isa = PBXFileReference; lastKnownFileType = sourcecode.swift; path = RecoveryPasswordViewController.swift; sourceTree = "<group>"; };
		9C542C18276217B70033B8B6 /* MainViewController.swift */ = {isa = PBXFileReference; lastKnownFileType = sourcecode.swift; path = MainViewController.swift; sourceTree = "<group>"; };
		9C542C1A27621E920033B8B6 /* BaseRouter.swift */ = {isa = PBXFileReference; lastKnownFileType = sourcecode.swift; path = BaseRouter.swift; sourceTree = "<group>"; };
		9C542C1C2762215F0033B8B6 /* Launch.swift */ = {isa = PBXFileReference; lastKnownFileType = sourcecode.swift; path = Launch.swift; sourceTree = "<group>"; };
		9C542C1E276221B80033B8B6 /* LaunchRouter.swift */ = {isa = PBXFileReference; lastKnownFileType = sourcecode.swift; path = LaunchRouter.swift; sourceTree = "<group>"; };
		9C542C202762225F0033B8B6 /* LoginRouter.swift */ = {isa = PBXFileReference; lastKnownFileType = sourcecode.swift; path = LoginRouter.swift; sourceTree = "<group>"; };
		9C542C22276222E90033B8B6 /* Launch.storyboard */ = {isa = PBXFileReference; lastKnownFileType = file.storyboard; path = Launch.storyboard; sourceTree = "<group>"; };
		9C542C26276224F70033B8B6 /* RootSegue.swift */ = {isa = PBXFileReference; lastKnownFileType = sourcecode.swift; path = RootSegue.swift; sourceTree = "<group>"; };
		9C542C28276243960033B8B6 /* RegistrationViewController.swift */ = {isa = PBXFileReference; lastKnownFileType = sourcecode.swift; path = RegistrationViewController.swift; sourceTree = "<group>"; };
		9C542C2A276244EF0033B8B6 /* RegistrationRouter.swift */ = {isa = PBXFileReference; lastKnownFileType = sourcecode.swift; path = RegistrationRouter.swift; sourceTree = "<group>"; };
/* End PBXFileReference section */

/* Begin PBXFrameworksBuildPhase section */
		9C39CBC9274E71D200815438 /* Frameworks */ = {
			isa = PBXFrameworksBuildPhase;
			buildActionMask = 2147483647;
			files = (
				9CA67955274EA87B00F3D6C3 /* Pods_Route_Tracker.framework in Frameworks */,
			);
			runOnlyForDeploymentPostprocessing = 0;
		};
		9C39CBDF274E71D300815438 /* Frameworks */ = {
			isa = PBXFrameworksBuildPhase;
			buildActionMask = 2147483647;
			files = (
			);
			runOnlyForDeploymentPostprocessing = 0;
		};
		9C39CBE9274E71D300815438 /* Frameworks */ = {
			isa = PBXFrameworksBuildPhase;
			buildActionMask = 2147483647;
			files = (
			);
			runOnlyForDeploymentPostprocessing = 0;
		};
/* End PBXFrameworksBuildPhase section */

/* Begin PBXGroup section */
		42C7B74832D0230BA5AC9D85 /* Pods */ = {
			isa = PBXGroup;
			children = (
				7234842D39B5DD7B89512CC6 /* Pods-Route Tracker.debug.xcconfig */,
				8A728C07D4DAD80347FF8F6D /* Pods-Route Tracker.release.xcconfig */,
			);
			path = Pods;
			sourceTree = "<group>";
		};
		9C39CBC3274E71D200815438 = {
			isa = PBXGroup;
			children = (
				9C39CBCE274E71D200815438 /* Route Tracker */,
				9C39CBE5274E71D300815438 /* Route TrackerTests */,
				9C39CBEF274E71D300815438 /* Route TrackerUITests */,
				9C39CBCD274E71D200815438 /* Products */,
				42C7B74832D0230BA5AC9D85 /* Pods */,
				F9E855BB173111F7B2CCD393 /* Frameworks */,
			);
			sourceTree = "<group>";
		};
		9C39CBCD274E71D200815438 /* Products */ = {
			isa = PBXGroup;
			children = (
				9C39CBCC274E71D200815438 /* Route Tracker.app */,
				9C39CBE2274E71D300815438 /* Route TrackerTests.xctest */,
				9C39CBEC274E71D300815438 /* Route TrackerUITests.xctest */,
			);
			name = Products;
			sourceTree = "<group>";
		};
		9C39CBCE274E71D200815438 /* Route Tracker */ = {
			isa = PBXGroup;
			children = (
				9C39CBCF274E71D200815438 /* AppDelegate.swift */,
				9C39CBD1274E71D200815438 /* SceneDelegate.swift */,
				9CC664622762588B00736AF4 /* Models */,
				9CC6645E2762570500736AF4 /* Router */,
				9CC66460276257AF00736AF4 /* Main */,
				9CC66461276257E900736AF4 /* Login */,
				9C39CBD8274E71D300815438 /* Assets.xcassets */,
				9C39CBDD274E71D300815438 /* Info.plist */,
			);
			path = "Route Tracker";
			sourceTree = "<group>";
		};
		9C39CBE5274E71D300815438 /* Route TrackerTests */ = {
			isa = PBXGroup;
			children = (
				9C39CBE6274E71D300815438 /* Route_TrackerTests.swift */,
			);
			path = "Route TrackerTests";
			sourceTree = "<group>";
		};
		9C39CBEF274E71D300815438 /* Route TrackerUITests */ = {
			isa = PBXGroup;
			children = (
				9C39CBF0274E71D300815438 /* Route_TrackerUITests.swift */,
				9C39CBF2274E71D300815438 /* Route_TrackerUITestsLaunchTests.swift */,
			);
			path = "Route TrackerUITests";
			sourceTree = "<group>";
		};
		9CC6645E2762570500736AF4 /* Router */ = {
			isa = PBXGroup;
			children = (
				9C542C26276224F70033B8B6 /* RootSegue.swift */,
				9C542C1A27621E920033B8B6 /* BaseRouter.swift */,
				9C542C1E276221B80033B8B6 /* LaunchRouter.swift */,
				9C542C202762225F0033B8B6 /* LoginRouter.swift */,
				9C542C2A276244EF0033B8B6 /* RegistrationRouter.swift */,
				9C542C22276222E90033B8B6 /* Launch.storyboard */,
				9C542C1C2762215F0033B8B6 /* Launch.swift */,
			);
			path = Router;
			sourceTree = "<group>";
		};
		9CC66460276257AF00736AF4 /* Main */ = {
			isa = PBXGroup;
			children = (
				9C39CBD5274E71D200815438 /* Main.storyboard */,
				9C542C18276217B70033B8B6 /* MainViewController.swift */,
				9C39CBD3274E71D200815438 /* MapViewController.swift */,
			);
			path = Main;
			sourceTree = "<group>";
		};
		9CC66461276257E900736AF4 /* Login */ = {
			isa = PBXGroup;
			children = (
				9C542C12276212FE0033B8B6 /* Auth.storyboard */,
				9C542C14276213390033B8B6 /* LoginViewController.swift */,
				9C542C28276243960033B8B6 /* RegistrationViewController.swift */,
				9C542C16276216850033B8B6 /* RecoveryPasswordViewController.swift */,
			);
			path = Login;
			sourceTree = "<group>";
		};
		9CC664622762588B00736AF4 /* Models */ = {
			isa = PBXGroup;
			children = (
				9C0021BA275E5112005ED960 /* Coordinate.swift */,
				9C542C10276208490033B8B6 /* User.swift */,
			);
			path = Models;
			sourceTree = "<group>";
		};
		F9E855BB173111F7B2CCD393 /* Frameworks */ = {
			isa = PBXGroup;
			children = (
				2C720FA73398D9C93EF1A98D /* Pods_Route_Tracker.framework */,
			);
			name = Frameworks;
			sourceTree = "<group>";
		};
/* End PBXGroup section */

/* Begin PBXNativeTarget section */
		9C39CBCB274E71D200815438 /* Route Tracker */ = {
			isa = PBXNativeTarget;
			buildConfigurationList = 9C39CBF6274E71D300815438 /* Build configuration list for PBXNativeTarget "Route Tracker" */;
			buildPhases = (
				47C962C266740191C03F6D23 /* [CP] Check Pods Manifest.lock */,
				9C39CBC8274E71D200815438 /* Sources */,
				9C39CBC9274E71D200815438 /* Frameworks */,
				9C39CBCA274E71D200815438 /* Resources */,
				0BA5242EB0EAA110281319D9 /* [CP] Copy Pods Resources */,
				0C91822C26D8617FDB873D69 /* [CP] Embed Pods Frameworks */,
			);
			buildRules = (
			);
			dependencies = (
			);
			name = "Route Tracker";
			productName = "Route Tracker";
			productReference = 9C39CBCC274E71D200815438 /* Route Tracker.app */;
			productType = "com.apple.product-type.application";
		};
		9C39CBE1274E71D300815438 /* Route TrackerTests */ = {
			isa = PBXNativeTarget;
			buildConfigurationList = 9C39CBF9274E71D300815438 /* Build configuration list for PBXNativeTarget "Route TrackerTests" */;
			buildPhases = (
				9C39CBDE274E71D300815438 /* Sources */,
				9C39CBDF274E71D300815438 /* Frameworks */,
				9C39CBE0274E71D300815438 /* Resources */,
			);
			buildRules = (
			);
			dependencies = (
				9C39CBE4274E71D300815438 /* PBXTargetDependency */,
			);
			name = "Route TrackerTests";
			productName = "Route TrackerTests";
			productReference = 9C39CBE2274E71D300815438 /* Route TrackerTests.xctest */;
			productType = "com.apple.product-type.bundle.unit-test";
		};
		9C39CBEB274E71D300815438 /* Route TrackerUITests */ = {
			isa = PBXNativeTarget;
			buildConfigurationList = 9C39CBFC274E71D300815438 /* Build configuration list for PBXNativeTarget "Route TrackerUITests" */;
			buildPhases = (
				9C39CBE8274E71D300815438 /* Sources */,
				9C39CBE9274E71D300815438 /* Frameworks */,
				9C39CBEA274E71D300815438 /* Resources */,
			);
			buildRules = (
			);
			dependencies = (
				9C39CBEE274E71D300815438 /* PBXTargetDependency */,
			);
			name = "Route TrackerUITests";
			productName = "Route TrackerUITests";
			productReference = 9C39CBEC274E71D300815438 /* Route TrackerUITests.xctest */;
			productType = "com.apple.product-type.bundle.ui-testing";
		};
/* End PBXNativeTarget section */

/* Begin PBXProject section */
		9C39CBC4274E71D200815438 /* Project object */ = {
			isa = PBXProject;
			attributes = {
				BuildIndependentTargetsInParallel = 1;
				LastSwiftUpdateCheck = 1310;
				LastUpgradeCheck = 1310;
				TargetAttributes = {
					9C39CBCB274E71D200815438 = {
						CreatedOnToolsVersion = 13.1;
					};
					9C39CBE1274E71D300815438 = {
						CreatedOnToolsVersion = 13.1;
						TestTargetID = 9C39CBCB274E71D200815438;
					};
					9C39CBEB274E71D300815438 = {
						CreatedOnToolsVersion = 13.1;
						TestTargetID = 9C39CBCB274E71D200815438;
					};
				};
			};
			buildConfigurationList = 9C39CBC7274E71D200815438 /* Build configuration list for PBXProject "Route Tracker" */;
			compatibilityVersion = "Xcode 13.0";
			developmentRegion = en;
			hasScannedForEncodings = 0;
			knownRegions = (
				en,
				Base,
			);
			mainGroup = 9C39CBC3274E71D200815438;
			productRefGroup = 9C39CBCD274E71D200815438 /* Products */;
			projectDirPath = "";
			projectRoot = "";
			targets = (
				9C39CBCB274E71D200815438 /* Route Tracker */,
				9C39CBE1274E71D300815438 /* Route TrackerTests */,
				9C39CBEB274E71D300815438 /* Route TrackerUITests */,
			);
		};
/* End PBXProject section */

/* Begin PBXResourcesBuildPhase section */
		9C39CBCA274E71D200815438 /* Resources */ = {
			isa = PBXResourcesBuildPhase;
			buildActionMask = 2147483647;
			files = (
				9C542C13276212FE0033B8B6 /* Auth.storyboard in Resources */,
				9C542C23276222E90033B8B6 /* Launch.storyboard in Resources */,
				9C39CBD9274E71D300815438 /* Assets.xcassets in Resources */,
				9C39CBD7274E71D200815438 /* Main.storyboard in Resources */,
			);
			runOnlyForDeploymentPostprocessing = 0;
		};
		9C39CBE0274E71D300815438 /* Resources */ = {
			isa = PBXResourcesBuildPhase;
			buildActionMask = 2147483647;
			files = (
			);
			runOnlyForDeploymentPostprocessing = 0;
		};
		9C39CBEA274E71D300815438 /* Resources */ = {
			isa = PBXResourcesBuildPhase;
			buildActionMask = 2147483647;
			files = (
			);
			runOnlyForDeploymentPostprocessing = 0;
		};
/* End PBXResourcesBuildPhase section */

/* Begin PBXShellScriptBuildPhase section */
		0BA5242EB0EAA110281319D9 /* [CP] Copy Pods Resources */ = {
			isa = PBXShellScriptBuildPhase;
			buildActionMask = 2147483647;
			files = (
			);
			inputFileListPaths = (
				"${PODS_ROOT}/Target Support Files/Pods-Route Tracker/Pods-Route Tracker-resources-${CONFIGURATION}-input-files.xcfilelist",
			);
			name = "[CP] Copy Pods Resources";
			outputFileListPaths = (
				"${PODS_ROOT}/Target Support Files/Pods-Route Tracker/Pods-Route Tracker-resources-${CONFIGURATION}-output-files.xcfilelist",
			);
			runOnlyForDeploymentPostprocessing = 0;
			shellPath = /bin/sh;
			shellScript = "\"${PODS_ROOT}/Target Support Files/Pods-Route Tracker/Pods-Route Tracker-resources.sh\"\n";
			showEnvVarsInLog = 0;
		};
		0C91822C26D8617FDB873D69 /* [CP] Embed Pods Frameworks */ = {
			isa = PBXShellScriptBuildPhase;
			buildActionMask = 2147483647;
			files = (
			);
			inputFileListPaths = (
				"${PODS_ROOT}/Target Support Files/Pods-Route Tracker/Pods-Route Tracker-frameworks-${CONFIGURATION}-input-files.xcfilelist",
			);
			name = "[CP] Embed Pods Frameworks";
			outputFileListPaths = (
				"${PODS_ROOT}/Target Support Files/Pods-Route Tracker/Pods-Route Tracker-frameworks-${CONFIGURATION}-output-files.xcfilelist",
			);
			runOnlyForDeploymentPostprocessing = 0;
			shellPath = /bin/sh;
			shellScript = "\"${PODS_ROOT}/Target Support Files/Pods-Route Tracker/Pods-Route Tracker-frameworks.sh\"\n";
			showEnvVarsInLog = 0;
		};
		47C962C266740191C03F6D23 /* [CP] Check Pods Manifest.lock */ = {
			isa = PBXShellScriptBuildPhase;
			buildActionMask = 2147483647;
			files = (
			);
			inputFileListPaths = (
			);
			inputPaths = (
				"${PODS_PODFILE_DIR_PATH}/Podfile.lock",
				"${PODS_ROOT}/Manifest.lock",
			);
			name = "[CP] Check Pods Manifest.lock";
			outputFileListPaths = (
			);
			outputPaths = (
				"$(DERIVED_FILE_DIR)/Pods-Route Tracker-checkManifestLockResult.txt",
			);
			runOnlyForDeploymentPostprocessing = 0;
			shellPath = /bin/sh;
			shellScript = "diff \"${PODS_PODFILE_DIR_PATH}/Podfile.lock\" \"${PODS_ROOT}/Manifest.lock\" > /dev/null\nif [ $? != 0 ] ; then\n    # print error to STDERR\n    echo \"error: The sandbox is not in sync with the Podfile.lock. Run 'pod install' or update your CocoaPods installation.\" >&2\n    exit 1\nfi\n# This output is used by Xcode 'outputs' to avoid re-running this script phase.\necho \"SUCCESS\" > \"${SCRIPT_OUTPUT_FILE_0}\"\n";
			showEnvVarsInLog = 0;
		};
/* End PBXShellScriptBuildPhase section */

/* Begin PBXSourcesBuildPhase section */
		9C39CBC8274E71D200815438 /* Sources */ = {
			isa = PBXSourcesBuildPhase;
			buildActionMask = 2147483647;
			files = (
				9C542C15276213390033B8B6 /* LoginViewController.swift in Sources */,
				9C542C1B27621E920033B8B6 /* BaseRouter.swift in Sources */,
				9C542C212762225F0033B8B6 /* LoginRouter.swift in Sources */,
				9C542C17276216850033B8B6 /* RecoveryPasswordViewController.swift in Sources */,
				9C542C29276243960033B8B6 /* RegistrationViewController.swift in Sources */,
				9C39CBD4274E71D200815438 /* MapViewController.swift in Sources */,
				9C39CBD0274E71D200815438 /* AppDelegate.swift in Sources */,
				9C542C1F276221B80033B8B6 /* LaunchRouter.swift in Sources */,
				9C39CBD2274E71D200815438 /* SceneDelegate.swift in Sources */,
				9C542C11276208490033B8B6 /* User.swift in Sources */,
				9C0021BB275E5112005ED960 /* Coordinate.swift in Sources */,
				9C542C1D2762215F0033B8B6 /* Launch.swift in Sources */,
				9C542C19276217B70033B8B6 /* MainViewController.swift in Sources */,
				9C542C27276224F70033B8B6 /* RootSegue.swift in Sources */,
				9C542C2B276244EF0033B8B6 /* RegistrationRouter.swift in Sources */,
			);
			runOnlyForDeploymentPostprocessing = 0;
		};
		9C39CBDE274E71D300815438 /* Sources */ = {
			isa = PBXSourcesBuildPhase;
			buildActionMask = 2147483647;
			files = (
				9C39CBE7274E71D300815438 /* Route_TrackerTests.swift in Sources */,
			);
			runOnlyForDeploymentPostprocessing = 0;
		};
		9C39CBE8274E71D300815438 /* Sources */ = {
			isa = PBXSourcesBuildPhase;
			buildActionMask = 2147483647;
			files = (
				9C39CBF1274E71D300815438 /* Route_TrackerUITests.swift in Sources */,
				9C39CBF3274E71D300815438 /* Route_TrackerUITestsLaunchTests.swift in Sources */,
			);
			runOnlyForDeploymentPostprocessing = 0;
		};
/* End PBXSourcesBuildPhase section */

/* Begin PBXTargetDependency section */
		9C39CBE4274E71D300815438 /* PBXTargetDependency */ = {
			isa = PBXTargetDependency;
			target = 9C39CBCB274E71D200815438 /* Route Tracker */;
			targetProxy = 9C39CBE3274E71D300815438 /* PBXContainerItemProxy */;
		};
		9C39CBEE274E71D300815438 /* PBXTargetDependency */ = {
			isa = PBXTargetDependency;
			target = 9C39CBCB274E71D200815438 /* Route Tracker */;
			targetProxy = 9C39CBED274E71D300815438 /* PBXContainerItemProxy */;
		};
/* End PBXTargetDependency section */

/* Begin PBXVariantGroup section */
		9C39CBD5274E71D200815438 /* Main.storyboard */ = {
			isa = PBXVariantGroup;
			children = (
				9C39CBD6274E71D200815438 /* Base */,
			);
			name = Main.storyboard;
			sourceTree = "<group>";
		};
/* End PBXVariantGroup section */

/* Begin XCBuildConfiguration section */
		9C39CBF4274E71D300815438 /* Debug */ = {
			isa = XCBuildConfiguration;
			buildSettings = {
				ALWAYS_SEARCH_USER_PATHS = NO;
				CLANG_ANALYZER_NONNULL = YES;
				CLANG_ANALYZER_NUMBER_OBJECT_CONVERSION = YES_AGGRESSIVE;
				CLANG_CXX_LANGUAGE_STANDARD = "gnu++17";
				CLANG_CXX_LIBRARY = "libc++";
				CLANG_ENABLE_MODULES = YES;
				CLANG_ENABLE_OBJC_ARC = YES;
				CLANG_ENABLE_OBJC_WEAK = YES;
				CLANG_WARN_BLOCK_CAPTURE_AUTORELEASING = YES;
				CLANG_WARN_BOOL_CONVERSION = YES;
				CLANG_WARN_COMMA = YES;
				CLANG_WARN_CONSTANT_CONVERSION = YES;
				CLANG_WARN_DEPRECATED_OBJC_IMPLEMENTATIONS = YES;
				CLANG_WARN_DIRECT_OBJC_ISA_USAGE = YES_ERROR;
				CLANG_WARN_DOCUMENTATION_COMMENTS = YES;
				CLANG_WARN_EMPTY_BODY = YES;
				CLANG_WARN_ENUM_CONVERSION = YES;
				CLANG_WARN_INFINITE_RECURSION = YES;
				CLANG_WARN_INT_CONVERSION = YES;
				CLANG_WARN_NON_LITERAL_NULL_CONVERSION = YES;
				CLANG_WARN_OBJC_IMPLICIT_RETAIN_SELF = YES;
				CLANG_WARN_OBJC_LITERAL_CONVERSION = YES;
				CLANG_WARN_OBJC_ROOT_CLASS = YES_ERROR;
				CLANG_WARN_QUOTED_INCLUDE_IN_FRAMEWORK_HEADER = YES;
				CLANG_WARN_RANGE_LOOP_ANALYSIS = YES;
				CLANG_WARN_STRICT_PROTOTYPES = YES;
				CLANG_WARN_SUSPICIOUS_MOVE = YES;
				CLANG_WARN_UNGUARDED_AVAILABILITY = YES_AGGRESSIVE;
				CLANG_WARN_UNREACHABLE_CODE = YES;
				CLANG_WARN__DUPLICATE_METHOD_MATCH = YES;
				COPY_PHASE_STRIP = NO;
				DEBUG_INFORMATION_FORMAT = dwarf;
				ENABLE_STRICT_OBJC_MSGSEND = YES;
				ENABLE_TESTABILITY = YES;
				GCC_C_LANGUAGE_STANDARD = gnu11;
				GCC_DYNAMIC_NO_PIC = NO;
				GCC_NO_COMMON_BLOCKS = YES;
				GCC_OPTIMIZATION_LEVEL = 0;
				GCC_PREPROCESSOR_DEFINITIONS = (
					"DEBUG=1",
					"$(inherited)",
				);
				GCC_WARN_64_TO_32_BIT_CONVERSION = YES;
				GCC_WARN_ABOUT_RETURN_TYPE = YES_ERROR;
				GCC_WARN_UNDECLARED_SELECTOR = YES;
				GCC_WARN_UNINITIALIZED_AUTOS = YES_AGGRESSIVE;
				GCC_WARN_UNUSED_FUNCTION = YES;
				GCC_WARN_UNUSED_VARIABLE = YES;
				IPHONEOS_DEPLOYMENT_TARGET = 15.0;
				MTL_ENABLE_DEBUG_INFO = INCLUDE_SOURCE;
				MTL_FAST_MATH = YES;
				ONLY_ACTIVE_ARCH = YES;
				SDKROOT = iphoneos;
				SWIFT_ACTIVE_COMPILATION_CONDITIONS = DEBUG;
				SWIFT_OPTIMIZATION_LEVEL = "-Onone";
			};
			name = Debug;
		};
		9C39CBF5274E71D300815438 /* Release */ = {
			isa = XCBuildConfiguration;
			buildSettings = {
				ALWAYS_SEARCH_USER_PATHS = NO;
				CLANG_ANALYZER_NONNULL = YES;
				CLANG_ANALYZER_NUMBER_OBJECT_CONVERSION = YES_AGGRESSIVE;
				CLANG_CXX_LANGUAGE_STANDARD = "gnu++17";
				CLANG_CXX_LIBRARY = "libc++";
				CLANG_ENABLE_MODULES = YES;
				CLANG_ENABLE_OBJC_ARC = YES;
				CLANG_ENABLE_OBJC_WEAK = YES;
				CLANG_WARN_BLOCK_CAPTURE_AUTORELEASING = YES;
				CLANG_WARN_BOOL_CONVERSION = YES;
				CLANG_WARN_COMMA = YES;
				CLANG_WARN_CONSTANT_CONVERSION = YES;
				CLANG_WARN_DEPRECATED_OBJC_IMPLEMENTATIONS = YES;
				CLANG_WARN_DIRECT_OBJC_ISA_USAGE = YES_ERROR;
				CLANG_WARN_DOCUMENTATION_COMMENTS = YES;
				CLANG_WARN_EMPTY_BODY = YES;
				CLANG_WARN_ENUM_CONVERSION = YES;
				CLANG_WARN_INFINITE_RECURSION = YES;
				CLANG_WARN_INT_CONVERSION = YES;
				CLANG_WARN_NON_LITERAL_NULL_CONVERSION = YES;
				CLANG_WARN_OBJC_IMPLICIT_RETAIN_SELF = YES;
				CLANG_WARN_OBJC_LITERAL_CONVERSION = YES;
				CLANG_WARN_OBJC_ROOT_CLASS = YES_ERROR;
				CLANG_WARN_QUOTED_INCLUDE_IN_FRAMEWORK_HEADER = YES;
				CLANG_WARN_RANGE_LOOP_ANALYSIS = YES;
				CLANG_WARN_STRICT_PROTOTYPES = YES;
				CLANG_WARN_SUSPICIOUS_MOVE = YES;
				CLANG_WARN_UNGUARDED_AVAILABILITY = YES_AGGRESSIVE;
				CLANG_WARN_UNREACHABLE_CODE = YES;
				CLANG_WARN__DUPLICATE_METHOD_MATCH = YES;
				COPY_PHASE_STRIP = NO;
				DEBUG_INFORMATION_FORMAT = "dwarf-with-dsym";
				ENABLE_NS_ASSERTIONS = NO;
				ENABLE_STRICT_OBJC_MSGSEND = YES;
				GCC_C_LANGUAGE_STANDARD = gnu11;
				GCC_NO_COMMON_BLOCKS = YES;
				GCC_WARN_64_TO_32_BIT_CONVERSION = YES;
				GCC_WARN_ABOUT_RETURN_TYPE = YES_ERROR;
				GCC_WARN_UNDECLARED_SELECTOR = YES;
				GCC_WARN_UNINITIALIZED_AUTOS = YES_AGGRESSIVE;
				GCC_WARN_UNUSED_FUNCTION = YES;
				GCC_WARN_UNUSED_VARIABLE = YES;
				IPHONEOS_DEPLOYMENT_TARGET = 15.0;
				MTL_ENABLE_DEBUG_INFO = NO;
				MTL_FAST_MATH = YES;
				SDKROOT = iphoneos;
				SWIFT_COMPILATION_MODE = wholemodule;
				SWIFT_OPTIMIZATION_LEVEL = "-O";
				VALIDATE_PRODUCT = YES;
			};
			name = Release;
		};
		9C39CBF7274E71D300815438 /* Debug */ = {
			isa = XCBuildConfiguration;
			baseConfigurationReference = 7234842D39B5DD7B89512CC6 /* Pods-Route Tracker.debug.xcconfig */;
			buildSettings = {
				ASSETCATALOG_COMPILER_APPICON_NAME = AppIcon;
				ASSETCATALOG_COMPILER_GLOBAL_ACCENT_COLOR_NAME = AccentColor;
				CODE_SIGN_STYLE = Automatic;
				CURRENT_PROJECT_VERSION = 1;
				DEVELOPMENT_TEAM = ZRWH9SZJA2;
				EXCLUDED_ARCHS = "";
				GENERATE_INFOPLIST_FILE = YES;
				INFOPLIST_FILE = "Route Tracker/Info.plist";
				INFOPLIST_KEY_NSLocationAlwaysAndWhenInUseUsageDescription = "Для примера";
				INFOPLIST_KEY_NSLocationWhenInUseUsageDescription = "Для примера";
				INFOPLIST_KEY_UIApplicationSupportsIndirectInputEvents = YES;
				INFOPLIST_KEY_UILaunchStoryboardName = LaunchScreen;
				INFOPLIST_KEY_UIMainStoryboardFile = Main;
				INFOPLIST_KEY_UISupportedInterfaceOrientations_iPad = "UIInterfaceOrientationPortrait UIInterfaceOrientationPortraitUpsideDown UIInterfaceOrientationLandscapeLeft UIInterfaceOrientationLandscapeRight";
				INFOPLIST_KEY_UISupportedInterfaceOrientations_iPhone = "UIInterfaceOrientationPortrait UIInterfaceOrientationLandscapeLeft UIInterfaceOrientationLandscapeRight";
				LD_RUNPATH_SEARCH_PATHS = (
					"$(inherited)",
					"@executable_path/Frameworks",
				);
				MARKETING_VERSION = 1.0;
				PRODUCT_BUNDLE_IDENTIFIER = "nasteji.Route-Tracker";
				PRODUCT_NAME = "$(TARGET_NAME)";
				SWIFT_EMIT_LOC_STRINGS = YES;
				SWIFT_VERSION = 5.0;
				TARGETED_DEVICE_FAMILY = "1,2";
			};
			name = Debug;
		};
		9C39CBF8274E71D300815438 /* Release */ = {
			isa = XCBuildConfiguration;
			baseConfigurationReference = 8A728C07D4DAD80347FF8F6D /* Pods-Route Tracker.release.xcconfig */;
			buildSettings = {
				ASSETCATALOG_COMPILER_APPICON_NAME = AppIcon;
				ASSETCATALOG_COMPILER_GLOBAL_ACCENT_COLOR_NAME = AccentColor;
				CODE_SIGN_STYLE = Automatic;
				CURRENT_PROJECT_VERSION = 1;
				DEVELOPMENT_TEAM = ZRWH9SZJA2;
				EXCLUDED_ARCHS = "";
				GENERATE_INFOPLIST_FILE = YES;
				INFOPLIST_FILE = "Route Tracker/Info.plist";
				INFOPLIST_KEY_NSLocationAlwaysAndWhenInUseUsageDescription = "Для примера";
				INFOPLIST_KEY_NSLocationWhenInUseUsageDescription = "Для примера";
				INFOPLIST_KEY_UIApplicationSupportsIndirectInputEvents = YES;
				INFOPLIST_KEY_UILaunchStoryboardName = LaunchScreen;
				INFOPLIST_KEY_UIMainStoryboardFile = Main;
				INFOPLIST_KEY_UISupportedInterfaceOrientations_iPad = "UIInterfaceOrientationPortrait UIInterfaceOrientationPortraitUpsideDown UIInterfaceOrientationLandscapeLeft UIInterfaceOrientationLandscapeRight";
				INFOPLIST_KEY_UISupportedInterfaceOrientations_iPhone = "UIInterfaceOrientationPortrait UIInterfaceOrientationLandscapeLeft UIInterfaceOrientationLandscapeRight";
				LD_RUNPATH_SEARCH_PATHS = (
					"$(inherited)",
					"@executable_path/Frameworks",
				);
				MARKETING_VERSION = 1.0;
				PRODUCT_BUNDLE_IDENTIFIER = "nasteji.Route-Tracker";
				PRODUCT_NAME = "$(TARGET_NAME)";
				SWIFT_EMIT_LOC_STRINGS = YES;
				SWIFT_VERSION = 5.0;
				TARGETED_DEVICE_FAMILY = "1,2";
			};
			name = Release;
		};
		9C39CBFA274E71D300815438 /* Debug */ = {
			isa = XCBuildConfiguration;
			buildSettings = {
				ALWAYS_EMBED_SWIFT_STANDARD_LIBRARIES = YES;
				BUNDLE_LOADER = "$(TEST_HOST)";
				CODE_SIGN_STYLE = Automatic;
				CURRENT_PROJECT_VERSION = 1;
				DEVELOPMENT_TEAM = ZRWH9SZJA2;
				GENERATE_INFOPLIST_FILE = YES;
				IPHONEOS_DEPLOYMENT_TARGET = 15.0;
				LD_RUNPATH_SEARCH_PATHS = (
					"$(inherited)",
					"@executable_path/Frameworks",
					"@loader_path/Frameworks",
				);
				MARKETING_VERSION = 1.0;
				PRODUCT_BUNDLE_IDENTIFIER = "nasteji.Route-TrackerTests";
				PRODUCT_NAME = "$(TARGET_NAME)";
				SWIFT_EMIT_LOC_STRINGS = NO;
				SWIFT_VERSION = 5.0;
				TARGETED_DEVICE_FAMILY = "1,2";
				TEST_HOST = "$(BUILT_PRODUCTS_DIR)/Route Tracker.app/Route Tracker";
			};
			name = Debug;
		};
		9C39CBFB274E71D300815438 /* Release */ = {
			isa = XCBuildConfiguration;
			buildSettings = {
				ALWAYS_EMBED_SWIFT_STANDARD_LIBRARIES = YES;
				BUNDLE_LOADER = "$(TEST_HOST)";
				CODE_SIGN_STYLE = Automatic;
				CURRENT_PROJECT_VERSION = 1;
				DEVELOPMENT_TEAM = ZRWH9SZJA2;
				GENERATE_INFOPLIST_FILE = YES;
				IPHONEOS_DEPLOYMENT_TARGET = 15.0;
				LD_RUNPATH_SEARCH_PATHS = (
					"$(inherited)",
					"@executable_path/Frameworks",
					"@loader_path/Frameworks",
				);
				MARKETING_VERSION = 1.0;
				PRODUCT_BUNDLE_IDENTIFIER = "nasteji.Route-TrackerTests";
				PRODUCT_NAME = "$(TARGET_NAME)";
				SWIFT_EMIT_LOC_STRINGS = NO;
				SWIFT_VERSION = 5.0;
				TARGETED_DEVICE_FAMILY = "1,2";
				TEST_HOST = "$(BUILT_PRODUCTS_DIR)/Route Tracker.app/Route Tracker";
			};
			name = Release;
		};
		9C39CBFD274E71D300815438 /* Debug */ = {
			isa = XCBuildConfiguration;
			buildSettings = {
				ALWAYS_EMBED_SWIFT_STANDARD_LIBRARIES = YES;
				CODE_SIGN_STYLE = Automatic;
				CURRENT_PROJECT_VERSION = 1;
				DEVELOPMENT_TEAM = ZRWH9SZJA2;
				GENERATE_INFOPLIST_FILE = YES;
				LD_RUNPATH_SEARCH_PATHS = (
					"$(inherited)",
					"@executable_path/Frameworks",
					"@loader_path/Frameworks",
				);
				MARKETING_VERSION = 1.0;
				PRODUCT_BUNDLE_IDENTIFIER = "nasteji.Route-TrackerUITests";
				PRODUCT_NAME = "$(TARGET_NAME)";
				SWIFT_EMIT_LOC_STRINGS = NO;
				SWIFT_VERSION = 5.0;
				TARGETED_DEVICE_FAMILY = "1,2";
				TEST_TARGET_NAME = "Route Tracker";
			};
			name = Debug;
		};
		9C39CBFE274E71D300815438 /* Release */ = {
			isa = XCBuildConfiguration;
			buildSettings = {
				ALWAYS_EMBED_SWIFT_STANDARD_LIBRARIES = YES;
				CODE_SIGN_STYLE = Automatic;
				CURRENT_PROJECT_VERSION = 1;
				DEVELOPMENT_TEAM = ZRWH9SZJA2;
				GENERATE_INFOPLIST_FILE = YES;
				LD_RUNPATH_SEARCH_PATHS = (
					"$(inherited)",
					"@executable_path/Frameworks",
					"@loader_path/Frameworks",
				);
				MARKETING_VERSION = 1.0;
				PRODUCT_BUNDLE_IDENTIFIER = "nasteji.Route-TrackerUITests";
				PRODUCT_NAME = "$(TARGET_NAME)";
				SWIFT_EMIT_LOC_STRINGS = NO;
				SWIFT_VERSION = 5.0;
				TARGETED_DEVICE_FAMILY = "1,2";
				TEST_TARGET_NAME = "Route Tracker";
			};
			name = Release;
		};
/* End XCBuildConfiguration section */

/* Begin XCConfigurationList section */
		9C39CBC7274E71D200815438 /* Build configuration list for PBXProject "Route Tracker" */ = {
			isa = XCConfigurationList;
			buildConfigurations = (
				9C39CBF4274E71D300815438 /* Debug */,
				9C39CBF5274E71D300815438 /* Release */,
			);
			defaultConfigurationIsVisible = 0;
			defaultConfigurationName = Release;
		};
		9C39CBF6274E71D300815438 /* Build configuration list for PBXNativeTarget "Route Tracker" */ = {
			isa = XCConfigurationList;
			buildConfigurations = (
				9C39CBF7274E71D300815438 /* Debug */,
				9C39CBF8274E71D300815438 /* Release */,
			);
			defaultConfigurationIsVisible = 0;
			defaultConfigurationName = Release;
		};
		9C39CBF9274E71D300815438 /* Build configuration list for PBXNativeTarget "Route TrackerTests" */ = {
			isa = XCConfigurationList;
			buildConfigurations = (
				9C39CBFA274E71D300815438 /* Debug */,
				9C39CBFB274E71D300815438 /* Release */,
			);
			defaultConfigurationIsVisible = 0;
			defaultConfigurationName = Release;
		};
		9C39CBFC274E71D300815438 /* Build configuration list for PBXNativeTarget "Route TrackerUITests" */ = {
			isa = XCConfigurationList;
			buildConfigurations = (
				9C39CBFD274E71D300815438 /* Debug */,
				9C39CBFE274E71D300815438 /* Release */,
			);
			defaultConfigurationIsVisible = 0;
			defaultConfigurationName = Release;
		};
/* End XCConfigurationList section */
	};
	rootObject = 9C39CBC4274E71D200815438 /* Project object */;
}
